
Microsoft Visual Studio Solution File, Format Version 12.00
# Visual Studio 2017
Project("{FAE04EC0-301F-11D3-BF4B-00C04F79EFBC}") = "lab_project_01", "lab_project_01.csproj", "{F826A919-E48A-7AE0-8A5D-2BF236749721}"
EndProject
Project("{FAE04EC0-301F-11D3-BF4B-00C04F79EFBC}") = "lab_project_01.Editor", "lab_project_01.Editor.csproj", "{819096AB-3011-9B9B-4452-6FED05C82CD9}"
EndProject
Global
	GlobalSection(SolutionConfigurationPlatforms) = preSolution
		Debug|Any CPU = Debug|Any CPU
		Release|Any CPU = Release|Any CPU
	EndGlobalSection
	GlobalSection(ProjectConfigurationPlatforms) = postSolution
		{F826A919-E48A-7AE0-8A5D-2BF236749721}.Debug|Any CPU.ActiveCfg = Debug|Any CPU
		{F826A919-E48A-7AE0-8A5D-2BF236749721}.Debug|Any CPU.Build.0 = Debug|Any CPU
		{F826A919-E48A-7AE0-8A5D-2BF236749721}.Release|Any CPU.ActiveCfg = Release|Any CPU
		{F826A919-E48A-7AE0-8A5D-2BF236749721}.Release|Any CPU.Build.0 = Release|Any CPU
		{819096AB-3011-9B9B-4452-6FED05C82CD9}.Debug|Any CPU.ActiveCfg = Debug|Any CPU
		{819096AB-3011-9B9B-4452-6FED05C82CD9}.Debug|Any CPU.Build.0 = Debug|Any CPU
		{819096AB-3011-9B9B-4452-6FED05C82CD9}.Release|Any CPU.ActiveCfg = Release|Any CPU
		{819096AB-3011-9B9B-4452-6FED05C82CD9}.Release|Any CPU.Build.0 = Release|Any CPU
	EndGlobalSection
	GlobalSection(SolutionProperties) = preSolution
		HideSolutionNode = FALSE
	EndGlobalSection
EndGlobal
